
Microsoft Visual Studio Solution File, Format Version 12.00
# Visual Studio 15
VisualStudioVersion = 15.0.28307.329
MinimumVisualStudioVersion = 10.0.40219.1
Project("{FAE04EC0-301F-11D3-BF4B-00C04F79EFBC}") = "HwAdo-4", "HwAdo-4\HwAdo-4.csproj", "{70A154CA-9D91-4188-B97E-4F9C041E00E4}"
EndProject
Project("{FAE04EC0-301F-11D3-BF4B-00C04F79EFBC}") = "HwAdo-4.DataAccess", "HwAdo-4.DataAccess\HwAdo-4.DataAccess.csproj", "{7D17E60C-6872-42FF-ADE1-F3DEA971D65A}"
EndProject
Global
	GlobalSection(SolutionConfigurationPlatforms) = preSolution
		Debug|Any CPU = Debug|Any CPU
		Release|Any CPU = Release|Any CPU
	EndGlobalSection
	GlobalSection(ProjectConfigurationPlatforms) = postSolution
		{70A154CA-9D91-4188-B97E-4F9C041E00E4}.Debug|Any CPU.ActiveCfg = Debug|Any CPU
		{70A154CA-9D91-4188-B97E-4F9C041E00E4}.Debug|Any CPU.Build.0 = Debug|Any CPU
		{70A154CA-9D91-4188-B97E-4F9C041E00E4}.Release|Any CPU.ActiveCfg = Release|Any CPU
		{70A154CA-9D91-4188-B97E-4F9C041E00E4}.Release|Any CPU.Build.0 = Release|Any CPU
		{7D17E60C-6872-42FF-ADE1-F3DEA971D65A}.Debug|Any CPU.ActiveCfg = Debug|Any CPU
		{7D17E60C-6872-42FF-ADE1-F3DEA971D65A}.Debug|Any CPU.Build.0 = Debug|Any CPU
		{7D17E60C-6872-42FF-ADE1-F3DEA971D65A}.Release|Any CPU.ActiveCfg = Release|Any CPU
		{7D17E60C-6872-42FF-ADE1-F3DEA971D65A}.Release|Any CPU.Build.0 = Release|Any CPU
	EndGlobalSection
	GlobalSection(SolutionProperties) = preSolution
		HideSolutionNode = FALSE
	EndGlobalSection
	GlobalSection(ExtensibilityGlobals) = postSolution
		SolutionGuid = {FBD85104-2B68-449F-A6EC-E6A30D2463E9}
	EndGlobalSection
EndGlobal
